
Microsoft Visual Studio Solution File, Format Version 12.00
# Visual Studio Version 16
VisualStudioVersion = 16.0.31702.278
MinimumVisualStudioVersion = 10.0.40219.1
Project("{FAE04EC0-301F-11D3-BF4B-00C04F79EFBC}") = "TestDateTime", "TestDateTime.csproj", "{051B372D-97E2-4031-964C-C0AD0214765A}"
EndProject
Global
	GlobalSection(SolutionConfigurationPlatforms) = preSolution
		Debug|Any CPU = Debug|Any CPU
		Release|Any CPU = Release|Any CPU
	EndGlobalSection
	GlobalSection(ProjectConfigurationPlatforms) = postSolution
		{051B372D-97E2-4031-964C-C0AD0214765A}.Debug|Any CPU.ActiveCfg = Debug|Any CPU
		{051B372D-97E2-4031-964C-C0AD0214765A}.Debug|Any CPU.Build.0 = Debug|Any CPU
		{051B372D-97E2-4031-964C-C0AD0214765A}.Release|Any CPU.ActiveCfg = Release|Any CPU
		{051B372D-97E2-4031-964C-C0AD0214765A}.Release|Any CPU.Build.0 = Release|Any CPU
	EndGlobalSection
	GlobalSection(SolutionProperties) = preSolution
		HideSolutionNode = FALSE
	EndGlobalSection
	GlobalSection(ExtensibilityGlobals) = postSolution
		SolutionGuid = {14A382B0-CB27-4B60-BCDC-127A5370D588}
	EndGlobalSection
EndGlobal
